// !$*UTF8*$!
{
	archiveVersion = 1;
	classes = {
	};
	objectVersion = 50;
	objects = {

/* Begin PBXBuildFile section */
		AA20E7C4258259F800326EBB /* Constant.swift in Sources */ = {isa = PBXBuildFile; fileRef = AA20E7C3258259F800326EBB /* Constant.swift */; };
		AA63BD4C254061240074B741 /* TestSwiftApp.swift in Sources */ = {isa = PBXBuildFile; fileRef = AA63BD4B254061240074B741 /* TestSwiftApp.swift */; };
		AA63BD4E254061240074B741 /* ContentView.swift in Sources */ = {isa = PBXBuildFile; fileRef = AA63BD4D254061240074B741 /* ContentView.swift */; };
		AA63BD50254061250074B741 /* Assets.xcassets in Resources */ = {isa = PBXBuildFile; fileRef = AA63BD4F254061250074B741 /* Assets.xcassets */; };
		AA63BD53254061250074B741 /* Preview Assets.xcassets in Resources */ = {isa = PBXBuildFile; fileRef = AA63BD52254061250074B741 /* Preview Assets.xcassets */; };
		AA63BD5E254061250074B741 /* TestSwiftTests.swift in Sources */ = {isa = PBXBuildFile; fileRef = AA63BD5D254061250074B741 /* TestSwiftTests.swift */; };
		AA63BD69254061250074B741 /* TestSwiftUITests.swift in Sources */ = {isa = PBXBuildFile; fileRef = AA63BD68254061250074B741 /* TestSwiftUITests.swift */; };
		AA63BD86254071480074B741 /* GameScene.swift in Sources */ = {isa = PBXBuildFile; fileRef = AA63BD85254071480074B741 /* GameScene.swift */; };
		AA6512712546FE3800C0906E /* GameSceneTouches.swift in Sources */ = {isa = PBXBuildFile; fileRef = AA6512702546FE3800C0906E /* GameSceneTouches.swift */; };
		AA65129425470BEB00C0906E /* GameSceneDidBegin.swift in Sources */ = {isa = PBXBuildFile; fileRef = AA65129325470BEB00C0906E /* GameSceneDidBegin.swift */; };
		AA65129E2547118100C0906E /* GameSceneUpdate.swift in Sources */ = {isa = PBXBuildFile; fileRef = AA65129D2547118100C0906E /* GameSceneUpdate.swift */; };
		AA87E5362556D157005D7534 /* GameScene.sks in Resources */ = {isa = PBXBuildFile; fileRef = AA87E5352556D157005D7534 /* GameScene.sks */; };
		AA87E53B2556D29A005D7534 /* GameSceneLayout.swift in Sources */ = {isa = PBXBuildFile; fileRef = AA87E53A2556D29A005D7534 /* GameSceneLayout.swift */; };
/* End PBXBuildFile section */

/* Begin PBXContainerItemProxy section */
		AA63BD5A254061250074B741 /* PBXContainerItemProxy */ = {
			isa = PBXContainerItemProxy;
			containerPortal = AA63BD40254061240074B741 /* Project object */;
			proxyType = 1;
			remoteGlobalIDString = AA63BD47254061240074B741;
			remoteInfo = TestSwift;
		};
		AA63BD65254061250074B741 /* PBXContainerItemProxy */ = {
			isa = PBXContainerItemProxy;
			containerPortal = AA63BD40254061240074B741 /* Project object */;
			proxyType = 1;
			remoteGlobalIDString = AA63BD47254061240074B741;
			remoteInfo = TestSwift;
		};
/* End PBXContainerItemProxy section */

/* Begin PBXFileReference section */
		AA20E7C3258259F800326EBB /* Constant.swift */ = {isa = PBXFileReference; fileEncoding = 4; lastKnownFileType = sourcecode.swift; path = Constant.swift; sourceTree = "<group>"; };
		AA63BD48254061240074B741 /* TestSwift.app */ = {isa = PBXFileReference; explicitFileType = wrapper.application; includeInIndex = 0; path = TestSwift.app; sourceTree = BUILT_PRODUCTS_DIR; };
		AA63BD4B254061240074B741 /* TestSwiftApp.swift */ = {isa = PBXFileReference; lastKnownFileType = sourcecode.swift; path = TestSwiftApp.swift; sourceTree = "<group>"; };
		AA63BD4D254061240074B741 /* ContentView.swift */ = {isa = PBXFileReference; lastKnownFileType = sourcecode.swift; path = ContentView.swift; sourceTree = "<group>"; };
		AA63BD4F254061250074B741 /* Assets.xcassets */ = {isa = PBXFileReference; lastKnownFileType = folder.assetcatalog; path = Assets.xcassets; sourceTree = "<group>"; };
		AA63BD52254061250074B741 /* Preview Assets.xcassets */ = {isa = PBXFileReference; lastKnownFileType = folder.assetcatalog; path = "Preview Assets.xcassets"; sourceTree = "<group>"; };
		AA63BD54254061250074B741 /* Info.plist */ = {isa = PBXFileReference; lastKnownFileType = text.plist.xml; path = Info.plist; sourceTree = "<group>"; };
		AA63BD59254061250074B741 /* TestSwiftTests.xctest */ = {isa = PBXFileReference; explicitFileType = wrapper.cfbundle; includeInIndex = 0; path = TestSwiftTests.xctest; sourceTree = BUILT_PRODUCTS_DIR; };
		AA63BD5D254061250074B741 /* TestSwiftTests.swift */ = {isa = PBXFileReference; lastKnownFileType = sourcecode.swift; path = TestSwiftTests.swift; sourceTree = "<group>"; };
		AA63BD5F254061250074B741 /* Info.plist */ = {isa = PBXFileReference; lastKnownFileType = text.plist.xml; path = Info.plist; sourceTree = "<group>"; };
		AA63BD64254061250074B741 /* TestSwiftUITests.xctest */ = {isa = PBXFileReference; explicitFileType = wrapper.cfbundle; includeInIndex = 0; path = TestSwiftUITests.xctest; sourceTree = BUILT_PRODUCTS_DIR; };
		AA63BD68254061250074B741 /* TestSwiftUITests.swift */ = {isa = PBXFileReference; lastKnownFileType = sourcecode.swift; path = TestSwiftUITests.swift; sourceTree = "<group>"; };
		AA63BD6A254061250074B741 /* Info.plist */ = {isa = PBXFileReference; lastKnownFileType = text.plist.xml; path = Info.plist; sourceTree = "<group>"; };
		AA63BD85254071480074B741 /* GameScene.swift */ = {isa = PBXFileReference; lastKnownFileType = sourcecode.swift; path = GameScene.swift; sourceTree = "<group>"; };
		AA6512702546FE3800C0906E /* GameSceneTouches.swift */ = {isa = PBXFileReference; lastKnownFileType = sourcecode.swift; path = GameSceneTouches.swift; sourceTree = "<group>"; };
		AA65129325470BEB00C0906E /* GameSceneDidBegin.swift */ = {isa = PBXFileReference; lastKnownFileType = sourcecode.swift; path = GameSceneDidBegin.swift; sourceTree = "<group>"; };
		AA65129D2547118100C0906E /* GameSceneUpdate.swift */ = {isa = PBXFileReference; lastKnownFileType = sourcecode.swift; path = GameSceneUpdate.swift; sourceTree = "<group>"; };
		AA87E5352556D157005D7534 /* GameScene.sks */ = {isa = PBXFileReference; lastKnownFileType = file.sks; path = GameScene.sks; sourceTree = "<group>"; };
		AA87E53A2556D29A005D7534 /* GameSceneLayout.swift */ = {isa = PBXFileReference; lastKnownFileType = sourcecode.swift; path = GameSceneLayout.swift; sourceTree = "<group>"; };
/* End PBXFileReference section */

/* Begin PBXFrameworksBuildPhase section */
		AA63BD45254061240074B741 /* Frameworks */ = {
			isa = PBXFrameworksBuildPhase;
			buildActionMask = 2147483647;
			files = (
			);
			runOnlyForDeploymentPostprocessing = 0;
		};
		AA63BD56254061250074B741 /* Frameworks */ = {
			isa = PBXFrameworksBuildPhase;
			buildActionMask = 2147483647;
			files = (
			);
			runOnlyForDeploymentPostprocessing = 0;
		};
		AA63BD61254061250074B741 /* Frameworks */ = {
			isa = PBXFrameworksBuildPhase;
			buildActionMask = 2147483647;
			files = (
			);
			runOnlyForDeploymentPostprocessing = 0;
		};
/* End PBXFrameworksBuildPhase section */

/* Begin PBXGroup section */
		AA20E7C1258259AD00326EBB /* GameScene */ = {
			isa = PBXGroup;
			children = (
				AA63BD85254071480074B741 /* GameScene.swift */,
				AA87E53A2556D29A005D7534 /* GameSceneLayout.swift */,
				AA65129D2547118100C0906E /* GameSceneUpdate.swift */,
				AA6512702546FE3800C0906E /* GameSceneTouches.swift */,
				AA65129325470BEB00C0906E /* GameSceneDidBegin.swift */,
			);
			path = GameScene;
			sourceTree = "<group>";
		};
		AA20E7C2258259EB00326EBB /* Constants */ = {
			isa = PBXGroup;
			children = (
				AA20E7C3258259F800326EBB /* Constant.swift */,
			);
			path = Constants;
			sourceTree = "<group>";
		};
		AA63BD3F254061240074B741 = {
			isa = PBXGroup;
			children = (
				AA63BD4A254061240074B741 /* TestSwift */,
				AA63BD5C254061250074B741 /* TestSwiftTests */,
				AA63BD67254061250074B741 /* TestSwiftUITests */,
				AA63BD49254061240074B741 /* Products */,
			);
			sourceTree = "<group>";
		};
		AA63BD49254061240074B741 /* Products */ = {
			isa = PBXGroup;
			children = (
				AA63BD48254061240074B741 /* TestSwift.app */,
				AA63BD59254061250074B741 /* TestSwiftTests.xctest */,
				AA63BD64254061250074B741 /* TestSwiftUITests.xctest */,
			);
			name = Products;
			sourceTree = "<group>";
		};
		AA63BD4A254061240074B741 /* TestSwift */ = {
			isa = PBXGroup;
			children = (
				AA63BD822540711A0074B741 /* App */,
				AA63BD83254071230074B741 /* Views */,
				AA63BD842540712F0074B741 /* Scenes */,
				AA20E7C2258259EB00326EBB /* Constants */,
				AA87E5062556A1D7005D7534 /* sks */,
				AA63BD4F254061250074B741 /* Assets.xcassets */,
				AA63BD54254061250074B741 /* Info.plist */,
				AA63BD51254061250074B741 /* Preview Content */,
			);
			path = TestSwift;
			sourceTree = "<group>";
		};
		AA63BD51254061250074B741 /* Preview Content */ = {
			isa = PBXGroup;
			children = (
				AA63BD52254061250074B741 /* Preview Assets.xcassets */,
			);
			path = "Preview Content";
			sourceTree = "<group>";
		};
		AA63BD5C254061250074B741 /* TestSwiftTests */ = {
			isa = PBXGroup;
			children = (
				AA63BD5D254061250074B741 /* TestSwiftTests.swift */,
				AA63BD5F254061250074B741 /* Info.plist */,
			);
			path = TestSwiftTests;
			sourceTree = "<group>";
		};
		AA63BD67254061250074B741 /* TestSwiftUITests */ = {
			isa = PBXGroup;
			children = (
				AA63BD68254061250074B741 /* TestSwiftUITests.swift */,
				AA63BD6A254061250074B741 /* Info.plist */,
			);
			path = TestSwiftUITests;
			sourceTree = "<group>";
		};
		AA63BD822540711A0074B741 /* App */ = {
			isa = PBXGroup;
			children = (
				AA63BD4B254061240074B741 /* TestSwiftApp.swift */,
			);
			path = App;
			sourceTree = "<group>";
		};
		AA63BD83254071230074B741 /* Views */ = {
			isa = PBXGroup;
			children = (
				AA63BD4D254061240074B741 /* ContentView.swift */,
			);
			path = Views;
			sourceTree = "<group>";
		};
		AA63BD842540712F0074B741 /* Scenes */ = {
			isa = PBXGroup;
			children = (
				AA20E7C1258259AD00326EBB /* GameScene */,
			);
			path = Scenes;
			sourceTree = "<group>";
		};
		AA87E5062556A1D7005D7534 /* sks */ = {
			isa = PBXGroup;
			children = (
				AA87E5352556D157005D7534 /* GameScene.sks */,
			);
			path = sks;
			sourceTree = "<group>";
		};
/* End PBXGroup section */

/* Begin PBXNativeTarget section */
		AA63BD47254061240074B741 /* TestSwift */ = {
			isa = PBXNativeTarget;
			buildConfigurationList = AA63BD6D254061250074B741 /* Build configuration list for PBXNativeTarget "TestSwift" */;
			buildPhases = (
				AA63BD44254061240074B741 /* Sources */,
				AA63BD45254061240074B741 /* Frameworks */,
				AA63BD46254061240074B741 /* Resources */,
			);
			buildRules = (
			);
			dependencies = (
			);
			name = TestSwift;
			productName = TestSwift;
			productReference = AA63BD48254061240074B741 /* TestSwift.app */;
			productType = "com.apple.product-type.application";
		};
		AA63BD58254061250074B741 /* TestSwiftTests */ = {
			isa = PBXNativeTarget;
			buildConfigurationList = AA63BD70254061250074B741 /* Build configuration list for PBXNativeTarget "TestSwiftTests" */;
			buildPhases = (
				AA63BD55254061250074B741 /* Sources */,
				AA63BD56254061250074B741 /* Frameworks */,
				AA63BD57254061250074B741 /* Resources */,
			);
			buildRules = (
			);
			dependencies = (
				AA63BD5B254061250074B741 /* PBXTargetDependency */,
			);
			name = TestSwiftTests;
			productName = TestSwiftTests;
			productReference = AA63BD59254061250074B741 /* TestSwiftTests.xctest */;
			productType = "com.apple.product-type.bundle.unit-test";
		};
		AA63BD63254061250074B741 /* TestSwiftUITests */ = {
			isa = PBXNativeTarget;
			buildConfigurationList = AA63BD73254061250074B741 /* Build configuration list for PBXNativeTarget "TestSwiftUITests" */;
			buildPhases = (
				AA63BD60254061250074B741 /* Sources */,
				AA63BD61254061250074B741 /* Frameworks */,
				AA63BD62254061250074B741 /* Resources */,
			);
			buildRules = (
			);
			dependencies = (
				AA63BD66254061250074B741 /* PBXTargetDependency */,
			);
			name = TestSwiftUITests;
			productName = TestSwiftUITests;
			productReference = AA63BD64254061250074B741 /* TestSwiftUITests.xctest */;
			productType = "com.apple.product-type.bundle.ui-testing";
		};
/* End PBXNativeTarget section */

/* Begin PBXProject section */
		AA63BD40254061240074B741 /* Project object */ = {
			isa = PBXProject;
			attributes = {
				LastSwiftUpdateCheck = 1200;
				LastUpgradeCheck = 1200;
				TargetAttributes = {
					AA63BD47254061240074B741 = {
						CreatedOnToolsVersion = 12.0.1;
					};
					AA63BD58254061250074B741 = {
						CreatedOnToolsVersion = 12.0.1;
						TestTargetID = AA63BD47254061240074B741;
					};
					AA63BD63254061250074B741 = {
						CreatedOnToolsVersion = 12.0.1;
						TestTargetID = AA63BD47254061240074B741;
					};
				};
			};
			buildConfigurationList = AA63BD43254061240074B741 /* Build configuration list for PBXProject "TestSwift" */;
			compatibilityVersion = "Xcode 9.3";
			developmentRegion = en;
			hasScannedForEncodings = 0;
			knownRegions = (
				en,
				Base,
			);
			mainGroup = AA63BD3F254061240074B741;
			productRefGroup = AA63BD49254061240074B741 /* Products */;
			projectDirPath = "";
			projectRoot = "";
			targets = (
				AA63BD47254061240074B741 /* TestSwift */,
				AA63BD58254061250074B741 /* TestSwiftTests */,
				AA63BD63254061250074B741 /* TestSwiftUITests */,
			);
		};
/* End PBXProject section */

/* Begin PBXResourcesBuildPhase section */
		AA63BD46254061240074B741 /* Resources */ = {
			isa = PBXResourcesBuildPhase;
			buildActionMask = 2147483647;
			files = (
				AA63BD53254061250074B741 /* Preview Assets.xcassets in Resources */,
				AA87E5362556D157005D7534 /* GameScene.sks in Resources */,
				AA63BD50254061250074B741 /* Assets.xcassets in Resources */,
			);
			runOnlyForDeploymentPostprocessing = 0;
		};
		AA63BD57254061250074B741 /* Resources */ = {
			isa = PBXResourcesBuildPhase;
			buildActionMask = 2147483647;
			files = (
			);
			runOnlyForDeploymentPostprocessing = 0;
		};
		AA63BD62254061250074B741 /* Resources */ = {
			isa = PBXResourcesBuildPhase;
			buildActionMask = 2147483647;
			files = (
			);
			runOnlyForDeploymentPostprocessing = 0;
		};
/* End PBXResourcesBuildPhase section */

/* Begin PBXSourcesBuildPhase section */
		AA63BD44254061240074B741 /* Sources */ = {
			isa = PBXSourcesBuildPhase;
			buildActionMask = 2147483647;
			files = (
				AA63BD86254071480074B741 /* GameScene.swift in Sources */,
				AA63BD4E254061240074B741 /* ContentView.swift in Sources */,
				AA65129E2547118100C0906E /* GameSceneUpdate.swift in Sources */,
				AA20E7C4258259F800326EBB /* Constant.swift in Sources */,
				AA6512712546FE3800C0906E /* GameSceneTouches.swift in Sources */,
				AA65129425470BEB00C0906E /* GameSceneDidBegin.swift in Sources */,
				AA63BD4C254061240074B741 /* TestSwiftApp.swift in Sources */,
				AA87E53B2556D29A005D7534 /* GameSceneLayout.swift in Sources */,
			);
			runOnlyForDeploymentPostprocessing = 0;
		};
		AA63BD55254061250074B741 /* Sources */ = {
			isa = PBXSourcesBuildPhase;
			buildActionMask = 2147483647;
			files = (
				AA63BD5E254061250074B741 /* TestSwiftTests.swift in Sources */,
			);
			runOnlyForDeploymentPostprocessing = 0;
		};
		AA63BD60254061250074B741 /* Sources */ = {
			isa = PBXSourcesBuildPhase;
			buildActionMask = 2147483647;
			files = (
				AA63BD69254061250074B741 /* TestSwiftUITests.swift in Sources */,
			);
			runOnlyForDeploymentPostprocessing = 0;
		};
/* End PBXSourcesBuildPhase section */

/* Begin PBXTargetDependency section */
		AA63BD5B254061250074B741 /* PBXTargetDependency */ = {
			isa = PBXTargetDependency;
			target = AA63BD47254061240074B741 /* TestSwift */;
			targetProxy = AA63BD5A254061250074B741 /* PBXContainerItemProxy */;
		};
		AA63BD66254061250074B741 /* PBXTargetDependency */ = {
			isa = PBXTargetDependency;
			target = AA63BD47254061240074B741 /* TestSwift */;
			targetProxy = AA63BD65254061250074B741 /* PBXContainerItemProxy */;
		};
/* End PBXTargetDependency section */

/* Begin XCBuildConfiguration section */
		AA63BD6B254061250074B741 /* Debug */ = {
			isa = XCBuildConfiguration;
			buildSettings = {
				ALWAYS_SEARCH_USER_PATHS = NO;
				CLANG_ANALYZER_NONNULL = YES;
				CLANG_ANALYZER_NUMBER_OBJECT_CONVERSION = YES_AGGRESSIVE;
				CLANG_CXX_LANGUAGE_STANDARD = "gnu++14";
				CLANG_CXX_LIBRARY = "libc++";
				CLANG_ENABLE_MODULES = YES;
				CLANG_ENABLE_OBJC_ARC = YES;
				CLANG_ENABLE_OBJC_WEAK = YES;
				CLANG_WARN_BLOCK_CAPTURE_AUTORELEASING = YES;
				CLANG_WARN_BOOL_CONVERSION = YES;
				CLANG_WARN_COMMA = YES;
				CLANG_WARN_CONSTANT_CONVERSION = YES;
				CLANG_WARN_DEPRECATED_OBJC_IMPLEMENTATIONS = YES;
				CLANG_WARN_DIRECT_OBJC_ISA_USAGE = YES_ERROR;
				CLANG_WARN_DOCUMENTATION_COMMENTS = YES;
				CLANG_WARN_EMPTY_BODY = YES;
				CLANG_WARN_ENUM_CONVERSION = YES;
				CLANG_WARN_INFINITE_RECURSION = YES;
				CLANG_WARN_INT_CONVERSION = YES;
				CLANG_WARN_NON_LITERAL_NULL_CONVERSION = YES;
				CLANG_WARN_OBJC_IMPLICIT_RETAIN_SELF = YES;
				CLANG_WARN_OBJC_LITERAL_CONVERSION = YES;
				CLANG_WARN_OBJC_ROOT_CLASS = YES_ERROR;
				CLANG_WARN_QUOTED_INCLUDE_IN_FRAMEWORK_HEADER = YES;
				CLANG_WARN_RANGE_LOOP_ANALYSIS = YES;
				CLANG_WARN_STRICT_PROTOTYPES = YES;
				CLANG_WARN_SUSPICIOUS_MOVE = YES;
				CLANG_WARN_UNGUARDED_AVAILABILITY = YES_AGGRESSIVE;
				CLANG_WARN_UNREACHABLE_CODE = YES;
				CLANG_WARN__DUPLICATE_METHOD_MATCH = YES;
				COPY_PHASE_STRIP = NO;
				DEBUG_INFORMATION_FORMAT = dwarf;
				ENABLE_STRICT_OBJC_MSGSEND = YES;
				ENABLE_TESTABILITY = YES;
				GCC_C_LANGUAGE_STANDARD = gnu11;
				GCC_DYNAMIC_NO_PIC = NO;
				GCC_NO_COMMON_BLOCKS = YES;
				GCC_OPTIMIZATION_LEVEL = 0;
				GCC_PREPROCESSOR_DEFINITIONS = (
					"DEBUG=1",
					"$(inherited)",
				);
				GCC_WARN_64_TO_32_BIT_CONVERSION = YES;
				GCC_WARN_ABOUT_RETURN_TYPE = YES_ERROR;
				GCC_WARN_UNDECLARED_SELECTOR = YES;
				GCC_WARN_UNINITIALIZED_AUTOS = YES_AGGRESSIVE;
				GCC_WARN_UNUSED_FUNCTION = YES;
				GCC_WARN_UNUSED_VARIABLE = YES;
				IPHONEOS_DEPLOYMENT_TARGET = 14.0;
				MTL_ENABLE_DEBUG_INFO = INCLUDE_SOURCE;
				MTL_FAST_MATH = YES;
				ONLY_ACTIVE_ARCH = YES;
				SDKROOT = iphoneos;
				SWIFT_ACTIVE_COMPILATION_CONDITIONS = DEBUG;
				SWIFT_OPTIMIZATION_LEVEL = "-Onone";
			};
			name = Debug;
		};
		AA63BD6C254061250074B741 /* Release */ = {
			isa = XCBuildConfiguration;
			buildSettings = {
				ALWAYS_SEARCH_USER_PATHS = NO;
				CLANG_ANALYZER_NONNULL = YES;
				CLANG_ANALYZER_NUMBER_OBJECT_CONVERSION = YES_AGGRESSIVE;
				CLANG_CXX_LANGUAGE_STANDARD = "gnu++14";
				CLANG_CXX_LIBRARY = "libc++";
				CLANG_ENABLE_MODULES = YES;
				CLANG_ENABLE_OBJC_ARC = YES;
				CLANG_ENABLE_OBJC_WEAK = YES;
				CLANG_WARN_BLOCK_CAPTURE_AUTORELEASING = YES;
				CLANG_WARN_BOOL_CONVERSION = YES;
				CLANG_WARN_COMMA = YES;
				CLANG_WARN_CONSTANT_CONVERSION = YES;
				CLANG_WARN_DEPRECATED_OBJC_IMPLEMENTATIONS = YES;
				CLANG_WARN_DIRECT_OBJC_ISA_USAGE = YES_ERROR;
				CLANG_WARN_DOCUMENTATION_COMMENTS = YES;
				CLANG_WARN_EMPTY_BODY = YES;
				CLANG_WARN_ENUM_CONVERSION = YES;
				CLANG_WARN_INFINITE_RECURSION = YES;
				CLANG_WARN_INT_CONVERSION = YES;
				CLANG_WARN_NON_LITERAL_NULL_CONVERSION = YES;
				CLANG_WARN_OBJC_IMPLICIT_RETAIN_SELF = YES;
				CLANG_WARN_OBJC_LITERAL_CONVERSION = YES;
				CLANG_WARN_OBJC_ROOT_CLASS = YES_ERROR;
				CLANG_WARN_QUOTED_INCLUDE_IN_FRAMEWORK_HEADER = YES;
				CLANG_WARN_RANGE_LOOP_ANALYSIS = YES;
				CLANG_WARN_STRICT_PROTOTYPES = YES;
				CLANG_WARN_SUSPICIOUS_MOVE = YES;
				CLANG_WARN_UNGUARDED_AVAILABILITY = YES_AGGRESSIVE;
				CLANG_WARN_UNREACHABLE_CODE = YES;
				CLANG_WARN__DUPLICATE_METHOD_MATCH = YES;
				COPY_PHASE_STRIP = NO;
				DEBUG_INFORMATION_FORMAT = "dwarf-with-dsym";
				ENABLE_NS_ASSERTIONS = NO;
				ENABLE_STRICT_OBJC_MSGSEND = YES;
				GCC_C_LANGUAGE_STANDARD = gnu11;
				GCC_NO_COMMON_BLOCKS = YES;
				GCC_WARN_64_TO_32_BIT_CONVERSION = YES;
				GCC_WARN_ABOUT_RETURN_TYPE = YES_ERROR;
				GCC_WARN_UNDECLARED_SELECTOR = YES;
				GCC_WARN_UNINITIALIZED_AUTOS = YES_AGGRESSIVE;
				GCC_WARN_UNUSED_FUNCTION = YES;
				GCC_WARN_UNUSED_VARIABLE = YES;
				IPHONEOS_DEPLOYMENT_TARGET = 14.0;
				MTL_ENABLE_DEBUG_INFO = NO;
				MTL_FAST_MATH = YES;
				SDKROOT = iphoneos;
				SWIFT_COMPILATION_MODE = wholemodule;
				SWIFT_OPTIMIZATION_LEVEL = "-O";
				VALIDATE_PRODUCT = YES;
			};
			name = Release;
		};
		AA63BD6E254061250074B741 /* Debug */ = {
			isa = XCBuildConfiguration;
			buildSettings = {
				ASSETCATALOG_COMPILER_APPICON_NAME = AppIcon;
				ASSETCATALOG_COMPILER_GLOBAL_ACCENT_COLOR_NAME = AccentColor;
				CODE_SIGN_STYLE = Automatic;
				DEVELOPMENT_ASSET_PATHS = "\"TestSwift/Preview Content\"";
				DEVELOPMENT_TEAM = "";
				ENABLE_PREVIEWS = YES;
				INFOPLIST_FILE = TestSwift/Info.plist;
				IPHONEOS_DEPLOYMENT_TARGET = 14.2;
				LD_RUNPATH_SEARCH_PATHS = (
					"$(inherited)",
					"@executable_path/Frameworks",
				);
				PRODUCT_BUNDLE_IDENTIFIER = "info.office-aship.TestSwift";
				PRODUCT_NAME = "$(TARGET_NAME)";
				SWIFT_VERSION = 5.0;
				TARGETED_DEVICE_FAMILY = "1,2";
			};
			name = Debug;
		};
		AA63BD6F254061250074B741 /* Release */ = {
			isa = XCBuildConfiguration;
			buildSettings = {
				ASSETCATALOG_COMPILER_APPICON_NAME = AppIcon;
				ASSETCATALOG_COMPILER_GLOBAL_ACCENT_COLOR_NAME = AccentColor;
				CODE_SIGN_STYLE = Automatic;
				DEVELOPMENT_ASSET_PATHS = "\"TestSwift/Preview Content\"";
				DEVELOPMENT_TEAM = "";
				ENABLE_PREVIEWS = YES;
				INFOPLIST_FILE = TestSwift/Info.plist;
				IPHONEOS_DEPLOYMENT_TARGET = 14.2;
				LD_RUNPATH_SEARCH_PATHS = (
					"$(inherited)",
					"@executable_path/Frameworks",
				);
				PRODUCT_BUNDLE_IDENTIFIER = "info.office-aship.TestSwift";
				PRODUCT_NAME = "$(TARGET_NAME)";
				SWIFT_VERSION = 5.0;
				TARGETED_DEVICE_FAMILY = "1,2";
			};
			name = Release;
		};
		AA63BD71254061250074B741 /* Debug */ = {
			isa = XCBuildConfiguration;
			buildSettings = {
				ALWAYS_EMBED_SWIFT_STANDARD_LIBRARIES = YES;
				BUNDLE_LOADER = "$(TEST_HOST)";
				CODE_SIGN_STYLE = Automatic;
				DEVELOPMENT_TEAM = T7E485VW5H;
				INFOPLIST_FILE = TestSwiftTests/Info.plist;
				IPHONEOS_DEPLOYMENT_TARGET = 14.0;
				LD_RUNPATH_SEARCH_PATHS = (
					"$(inherited)",
					"@executable_path/Frameworks",
					"@loader_path/Frameworks",
				);
				PRODUCT_BUNDLE_IDENTIFIER = "info.office-aship.TestSwiftTests";
				PRODUCT_NAME = "$(TARGET_NAME)";
				SWIFT_VERSION = 5.0;
				TARGETED_DEVICE_FAMILY = "1,2";
				TEST_HOST = "$(BUILT_PRODUCTS_DIR)/TestSwift.app/TestSwift";
			};
			name = Debug;
		};
		AA63BD72254061250074B741 /* Release */ = {
			isa = XCBuildConfiguration;
			buildSettings = {
				ALWAYS_EMBED_SWIFT_STANDARD_LIBRARIES = YES;
				BUNDLE_LOADER = "$(TEST_HOST)";
				CODE_SIGN_STYLE = Automatic;
				DEVELOPMENT_TEAM = T7E485VW5H;
				INFOPLIST_FILE = TestSwiftTests/Info.plist;
				IPHONEOS_DEPLOYMENT_TARGET = 14.0;
				LD_RUNPATH_SEARCH_PATHS = (
					"$(inherited)",
					"@executable_path/Frameworks",
					"@loader_path/Frameworks",
				);
				PRODUCT_BUNDLE_IDENTIFIER = "info.office-aship.TestSwiftTests";
				PRODUCT_NAME = "$(TARGET_NAME)";
				SWIFT_VERSION = 5.0;
				TARGETED_DEVICE_FAMILY = "1,2";
				TEST_HOST = "$(BUILT_PRODUCTS_DIR)/TestSwift.app/TestSwift";
			};
			name = Release;
		};
		AA63BD74254061250074B741 /* Debug */ = {
			isa = XCBuildConfiguration;
			buildSettings = {
				ALWAYS_EMBED_SWIFT_STANDARD_LIBRARIES = YES;
				CODE_SIGN_STYLE = Automatic;
				DEVELOPMENT_TEAM = T7E485VW5H;
				INFOPLIST_FILE = TestSwiftUITests/Info.plist;
				LD_RUNPATH_SEARCH_PATHS = (
					"$(inherited)",
					"@executable_path/Frameworks",
					"@loader_path/Frameworks",
				);
				PRODUCT_BUNDLE_IDENTIFIER = "info.office-aship.TestSwiftUITests";
				PRODUCT_NAME = "$(TARGET_NAME)";
				SWIFT_VERSION = 5.0;
				TARGETED_DEVICE_FAMILY = "1,2";
				TEST_TARGET_NAME = TestSwift;
			};
			name = Debug;
		};
		AA63BD75254061250074B741 /* Release */ = {
			isa = XCBuildConfiguration;
			buildSettings = {
				ALWAYS_EMBED_SWIFT_STANDARD_LIBRARIES = YES;
				CODE_SIGN_STYLE = Automatic;
				DEVELOPMENT_TEAM = T7E485VW5H;
				INFOPLIST_FILE = TestSwiftUITests/Info.plist;
				LD_RUNPATH_SEARCH_PATHS = (
					"$(inherited)",
					"@executable_path/Frameworks",
					"@loader_path/Frameworks",
				);
				PRODUCT_BUNDLE_IDENTIFIER = "info.office-aship.TestSwiftUITests";
				PRODUCT_NAME = "$(TARGET_NAME)";
				SWIFT_VERSION = 5.0;
				TARGETED_DEVICE_FAMILY = "1,2";
				TEST_TARGET_NAME = TestSwift;
			};
			name = Release;
		};
/* End XCBuildConfiguration section */

/* Begin XCConfigurationList section */
		AA63BD43254061240074B741 /* Build configuration list for PBXProject "TestSwift" */ = {
			isa = XCConfigurationList;
			buildConfigurations = (
				AA63BD6B254061250074B741 /* Debug */,
				AA63BD6C254061250074B741 /* Release */,
			);
			defaultConfigurationIsVisible = 0;
			defaultConfigurationName = Release;
		};
		AA63BD6D254061250074B741 /* Build configuration list for PBXNativeTarget "TestSwift" */ = {
			isa = XCConfigurationList;
			buildConfigurations = (
				AA63BD6E254061250074B741 /* Debug */,
				AA63BD6F254061250074B741 /* Release */,
			);
			defaultConfigurationIsVisible = 0;
			defaultConfigurationName = Release;
		};
		AA63BD70254061250074B741 /* Build configuration list for PBXNativeTarget "TestSwiftTests" */ = {
			isa = XCConfigurationList;
			buildConfigurations = (
				AA63BD71254061250074B741 /* Debug */,
				AA63BD72254061250074B741 /* Release */,
			);
			defaultConfigurationIsVisible = 0;
			defaultConfigurationName = Release;
		};
		AA63BD73254061250074B741 /* Build configuration list for PBXNativeTarget "TestSwiftUITests" */ = {
			isa = XCConfigurationList;
			buildConfigurations = (
				AA63BD74254061250074B741 /* Debug */,
				AA63BD75254061250074B741 /* Release */,
			);
			defaultConfigurationIsVisible = 0;
			defaultConfigurationName = Release;
		};
/* End XCConfigurationList section */
	};
	rootObject = AA63BD40254061240074B741 /* Project object */;
}
